
Microsoft Visual Studio Solution File, Format Version 12.00
# Visual Studio 2017
Project("{FAE04EC0-301F-11D3-BF4B-00C04F79EFBC}") = "BIAI Project", "BIAI Project.csproj", "{B8FC534F-5A78-0AFB-DA73-951957E63DE0}"
EndProject
Global
	GlobalSection(SolutionConfigurationPlatforms) = preSolution
		Debug|Any CPU = Debug|Any CPU
		Release|Any CPU = Release|Any CPU
	EndGlobalSection
	GlobalSection(ProjectConfigurationPlatforms) = postSolution
		{B8FC534F-5A78-0AFB-DA73-951957E63DE0}.Debug|Any CPU.ActiveCfg = Debug|Any CPU
		{B8FC534F-5A78-0AFB-DA73-951957E63DE0}.Debug|Any CPU.Build.0 = Debug|Any CPU
		{B8FC534F-5A78-0AFB-DA73-951957E63DE0}.Release|Any CPU.ActiveCfg = Release|Any CPU
		{B8FC534F-5A78-0AFB-DA73-951957E63DE0}.Release|Any CPU.Build.0 = Release|Any CPU
	EndGlobalSection
	GlobalSection(SolutionProperties) = preSolution
		HideSolutionNode = FALSE
	EndGlobalSection
EndGlobal
